
Microsoft Visual Studio Solution File, Format Version 12.00
# Visual Studio 15
VisualStudioVersion = 15.0.28307.421
MinimumVisualStudioVersion = 10.0.40219.1
Project("{FAE04EC0-301F-11D3-BF4B-00C04F79EFBC}") = "LinqClass", "LinqClass\LinqClass.csproj", "{C83DADAA-54A6-4546-89AC-B933D4A8FFD3}"
EndProject
Global
	GlobalSection(SolutionConfigurationPlatforms) = preSolution
		Debug|Any CPU = Debug|Any CPU
		Release|Any CPU = Release|Any CPU
	EndGlobalSection
	GlobalSection(ProjectConfigurationPlatforms) = postSolution
		{C83DADAA-54A6-4546-89AC-B933D4A8FFD3}.Debug|Any CPU.ActiveCfg = Debug|Any CPU
		{C83DADAA-54A6-4546-89AC-B933D4A8FFD3}.Debug|Any CPU.Build.0 = Debug|Any CPU
		{C83DADAA-54A6-4546-89AC-B933D4A8FFD3}.Release|Any CPU.ActiveCfg = Release|Any CPU
		{C83DADAA-54A6-4546-89AC-B933D4A8FFD3}.Release|Any CPU.Build.0 = Release|Any CPU
	EndGlobalSection
	GlobalSection(SolutionProperties) = preSolution
		HideSolutionNode = FALSE
	EndGlobalSection
	GlobalSection(ExtensibilityGlobals) = postSolution
		SolutionGuid = {44BF73B2-ACF8-453D-A18B-8200C41C6012}
	EndGlobalSection
EndGlobal
